// !$*UTF8*$!
{
	archiveVersion = 1;
	classes = {
	};
	objectVersion = 55;
	objects = {

/* Begin PBXAggregateTarget section */
		2993093927D147AA00732B48 /* LANInternal */ = {
			isa = PBXAggregateTarget;
			buildConfigurationList = 2993093C27D147AB00732B48 /* Build configuration list for PBXAggregateTarget "LANInternal" */;
			buildPhases = (
			);
			dependencies = (
				2993093E27D147C800732B48 /* PBXTargetDependency */,
				2993094027D147C800732B48 /* PBXTargetDependency */,
			);
			name = LANInternal;
			productName = LANInternal;
		};
/* End PBXAggregateTarget section */

/* Begin PBXBuildFile section */
		0A4D852FE57DBFD9EDB7C74C /* Pods_TestXCFramework.framework in Frameworks */ = {isa = PBXBuildFile; fileRef = AEB01FFF0D05C968F74045F8 /* Pods_TestXCFramework.framework */; };
		2993094327D1485A00732B48 /* TestXCFramework.framework in Embed Frameworks */ = {isa = PBXBuildFile; fileRef = F63E1C572746F6BA0077B678 /* TestXCFramework.framework */; settings = {ATTRIBUTES = (CodeSignOnCopy, RemoveHeadersOnCopy, ); }; };
		40B7A5A8D95908EEEB472BE7 /* Pods_Core.framework in Frameworks */ = {isa = PBXBuildFile; fileRef = 327AA5F7C71B9709B2A5D734 /* Pods_Core.framework */; };
		4AA8C3397936E2414EECA615 /* Pods_TestGithubCI.framework in Frameworks */ = {isa = PBXBuildFile; fileRef = 94CB288A726C09EEBA1122CB /* Pods_TestGithubCI.framework */; };
		830C1ECE360BD927B8D0114D /* Pods_CoreTests.framework in Frameworks */ = {isa = PBXBuildFile; fileRef = 23F7E364FA907624E4DCDC2E /* Pods_CoreTests.framework */; };
		E23C9A1C607EE8A99D290FAB /* Pods_MLFoundationsTests.framework in Frameworks */ = {isa = PBXBuildFile; fileRef = B2B34EDD2A8AD133DC50F604 /* Pods_MLFoundationsTests.framework */; };
		F30CBAD38E8EB410C1A7E02F /* Pods_MLFoundations.framework in Frameworks */ = {isa = PBXBuildFile; fileRef = 641080A9E01E157660613DC0 /* Pods_MLFoundations.framework */; };
		F6071A052739984B00CE56BA /* AppDelegate.swift in Sources */ = {isa = PBXBuildFile; fileRef = F6071A042739984B00CE56BA /* AppDelegate.swift */; };
		F6071A092739984B00CE56BA /* ViewController.swift in Sources */ = {isa = PBXBuildFile; fileRef = F6071A082739984B00CE56BA /* ViewController.swift */; };
		F6071A0E2739984E00CE56BA /* Assets.xcassets in Resources */ = {isa = PBXBuildFile; fileRef = F6071A0D2739984E00CE56BA /* Assets.xcassets */; };
		F6071A112739984E00CE56BA /* LaunchScreen.storyboard in Resources */ = {isa = PBXBuildFile; fileRef = F6071A0F2739984E00CE56BA /* LaunchScreen.storyboard */; };
		F6071A1C2739984E00CE56BA /* TestGithubCITests.swift in Sources */ = {isa = PBXBuildFile; fileRef = F6071A1B2739984E00CE56BA /* TestGithubCITests.swift */; };
		F63E1C682746F6BA0077B678 /* TestXCFrameworkTests.swift in Sources */ = {isa = PBXBuildFile; fileRef = F63E1C672746F6BA0077B678 /* TestXCFrameworkTests.swift */; };
		F63E1C692746F6BA0077B678 /* TestXCFramework.h in Headers */ = {isa = PBXBuildFile; fileRef = F63E1C592746F6BA0077B678 /* TestXCFramework.h */; settings = {ATTRIBUTES = (Public, ); }; };
		F63E1C762746F6DA0077B678 /* TestLibWithXCFramework.swift in Sources */ = {isa = PBXBuildFile; fileRef = F63E1C752746F6DA0077B678 /* TestLibWithXCFramework.swift */; };
		F64F8A4A27C0328F0081A345 /* MLFoundations.docc in Sources */ = {isa = PBXBuildFile; fileRef = F64F8A4927C0328F0081A345 /* MLFoundations.docc */; };
		F64F8A5027C032900081A345 /* MLFoundations.framework in Frameworks */ = {isa = PBXBuildFile; fileRef = F64F8A4627C0328F0081A345 /* MLFoundations.framework */; };
		F64F8A5727C032900081A345 /* MLFoundationsTests.swift in Sources */ = {isa = PBXBuildFile; fileRef = F64F8A5627C032900081A345 /* MLFoundationsTests.swift */; };
		F64F8A5827C032900081A345 /* MLFoundations.h in Headers */ = {isa = PBXBuildFile; fileRef = F64F8A4827C0328F0081A345 /* MLFoundations.h */; settings = {ATTRIBUTES = (Public, ); }; };
		F64F8A6D27C032B70081A345 /* Core.docc in Sources */ = {isa = PBXBuildFile; fileRef = F64F8A6C27C032B70081A345 /* Core.docc */; };
		F64F8A7327C032B70081A345 /* Core.framework in Frameworks */ = {isa = PBXBuildFile; fileRef = F64F8A6927C032B70081A345 /* Core.framework */; };
		F64F8A7A27C032B70081A345 /* CoreTests.swift in Sources */ = {isa = PBXBuildFile; fileRef = F64F8A7927C032B70081A345 /* CoreTests.swift */; };
		F64F8A7B27C032B70081A345 /* Core.h in Headers */ = {isa = PBXBuildFile; fileRef = F64F8A6B27C032B70081A345 /* Core.h */; settings = {ATTRIBUTES = (Public, ); }; };
		F64F8A8B27C034530081A345 /* CoreClass.swift in Sources */ = {isa = PBXBuildFile; fileRef = F64F8A8A27C034530081A345 /* CoreClass.swift */; };
		F64F8A8D27C0345C0081A345 /* MLFoundationsClass.swift in Sources */ = {isa = PBXBuildFile; fileRef = F64F8A8C27C0345C0081A345 /* MLFoundationsClass.swift */; };
		F6914F03282ED5D600D10EF0 /* Core.framework in Frameworks */ = {isa = PBXBuildFile; fileRef = F64F8A6927C032B70081A345 /* Core.framework */; platformFilter = ios; };
		F6914F07282ED5D600D10EF0 /* MLFoundations.framework in Frameworks */ = {isa = PBXBuildFile; fileRef = F64F8A4627C0328F0081A345 /* MLFoundations.framework */; platformFilter = ios; };
/* End PBXBuildFile section */

/* Begin PBXContainerItemProxy section */
		2993093D27D147C800732B48 /* PBXContainerItemProxy */ = {
			isa = PBXContainerItemProxy;
			containerPortal = F60719F92739984B00CE56BA /* Project object */;
			proxyType = 1;
			remoteGlobalIDString = F64F8A6827C032B70081A345;
			remoteInfo = Core;
		};
		2993093F27D147C800732B48 /* PBXContainerItemProxy */ = {
			isa = PBXContainerItemProxy;
			containerPortal = F60719F92739984B00CE56BA /* Project object */;
			proxyType = 1;
			remoteGlobalIDString = F64F8A4527C0328F0081A345;
			remoteInfo = MLFoundations;
		};
		2993094127D147D300732B48 /* PBXContainerItemProxy */ = {
			isa = PBXContainerItemProxy;
			containerPortal = F60719F92739984B00CE56BA /* Project object */;
			proxyType = 1;
			remoteGlobalIDString = 2993093927D147AA00732B48;
			remoteInfo = LANInternal;
		};
		F6071A182739984E00CE56BA /* PBXContainerItemProxy */ = {
			isa = PBXContainerItemProxy;
			containerPortal = F60719F92739984B00CE56BA /* Project object */;
			proxyType = 1;
			remoteGlobalIDString = F6071A002739984B00CE56BA;
			remoteInfo = TestGithubCI;
		};
		F63E1C622746F6BA0077B678 /* PBXContainerItemProxy */ = {
			isa = PBXContainerItemProxy;
			containerPortal = F60719F92739984B00CE56BA /* Project object */;
			proxyType = 1;
			remoteGlobalIDString = F63E1C562746F6BA0077B678;
			remoteInfo = TestXCFramework;
		};
		F63E1C642746F6BA0077B678 /* PBXContainerItemProxy */ = {
			isa = PBXContainerItemProxy;
			containerPortal = F60719F92739984B00CE56BA /* Project object */;
			proxyType = 1;
			remoteGlobalIDString = F6071A002739984B00CE56BA;
			remoteInfo = TestGithubCI;
		};
		F64F8A5127C032900081A345 /* PBXContainerItemProxy */ = {
			isa = PBXContainerItemProxy;
			containerPortal = F60719F92739984B00CE56BA /* Project object */;
			proxyType = 1;
			remoteGlobalIDString = F64F8A4527C0328F0081A345;
			remoteInfo = MLFoundations;
		};
		F64F8A5327C032900081A345 /* PBXContainerItemProxy */ = {
			isa = PBXContainerItemProxy;
			containerPortal = F60719F92739984B00CE56BA /* Project object */;
			proxyType = 1;
			remoteGlobalIDString = F6071A002739984B00CE56BA;
			remoteInfo = TestGithubCI;
		};
		F64F8A7427C032B70081A345 /* PBXContainerItemProxy */ = {
			isa = PBXContainerItemProxy;
			containerPortal = F60719F92739984B00CE56BA /* Project object */;
			proxyType = 1;
			remoteGlobalIDString = F64F8A6827C032B70081A345;
			remoteInfo = Core;
		};
		F64F8A7627C032B70081A345 /* PBXContainerItemProxy */ = {
			isa = PBXContainerItemProxy;
			containerPortal = F60719F92739984B00CE56BA /* Project object */;
			proxyType = 1;
			remoteGlobalIDString = F6071A002739984B00CE56BA;
			remoteInfo = TestGithubCI;
		};
		F64F8A9727C56F840081A345 /* PBXContainerItemProxy */ = {
			isa = PBXContainerItemProxy;
			containerPortal = F60719F92739984B00CE56BA /* Project object */;
			proxyType = 1;
			remoteGlobalIDString = F64F8A6827C032B70081A345;
			remoteInfo = Core;
		};
		F6914F05282ED5D600D10EF0 /* PBXContainerItemProxy */ = {
			isa = PBXContainerItemProxy;
			containerPortal = F60719F92739984B00CE56BA /* Project object */;
			proxyType = 1;
			remoteGlobalIDString = F64F8A6827C032B70081A345;
			remoteInfo = Core;
		};
		F6914F09282ED5D600D10EF0 /* PBXContainerItemProxy */ = {
			isa = PBXContainerItemProxy;
			containerPortal = F60719F92739984B00CE56BA /* Project object */;
			proxyType = 1;
			remoteGlobalIDString = F64F8A4527C0328F0081A345;
			remoteInfo = MLFoundations;
		};
/* End PBXContainerItemProxy section */

/* Begin PBXCopyFilesBuildPhase section */
		F64F8A6027C032900081A345 /* Embed Frameworks */ = {
			isa = PBXCopyFilesBuildPhase;
			buildActionMask = 2147483647;
			dstPath = "";
			dstSubfolderSpec = 10;
			files = (
				2993094327D1485A00732B48 /* TestXCFramework.framework in Embed Frameworks */,
			);
			name = "Embed Frameworks";
			runOnlyForDeploymentPostprocessing = 0;
		};
/* End PBXCopyFilesBuildPhase section */

/* Begin PBXFileReference section */
		23F7E364FA907624E4DCDC2E /* Pods_CoreTests.framework */ = {isa = PBXFileReference; explicitFileType = wrapper.framework; includeInIndex = 0; path = Pods_CoreTests.framework; sourceTree = BUILT_PRODUCTS_DIR; };
		29FBD924BC2933F327C43883 /* Pods-Core.debug.xcconfig */ = {isa = PBXFileReference; includeInIndex = 1; lastKnownFileType = text.xcconfig; name = "Pods-Core.debug.xcconfig"; path = "Target Support Files/Pods-Core/Pods-Core.debug.xcconfig"; sourceTree = "<group>"; };
		2CD0E680DB4C269BDF7486D9 /* Pods-TestGithubCI.debug.xcconfig */ = {isa = PBXFileReference; includeInIndex = 1; lastKnownFileType = text.xcconfig; name = "Pods-TestGithubCI.debug.xcconfig"; path = "Target Support Files/Pods-TestGithubCI/Pods-TestGithubCI.debug.xcconfig"; sourceTree = "<group>"; };
		327AA5F7C71B9709B2A5D734 /* Pods_Core.framework */ = {isa = PBXFileReference; explicitFileType = wrapper.framework; includeInIndex = 0; path = Pods_Core.framework; sourceTree = BUILT_PRODUCTS_DIR; };
		488FF33DB9BA950C569DBAD3 /* Pods-MLFoundationsTests.debug.xcconfig */ = {isa = PBXFileReference; includeInIndex = 1; lastKnownFileType = text.xcconfig; name = "Pods-MLFoundationsTests.debug.xcconfig"; path = "Target Support Files/Pods-MLFoundationsTests/Pods-MLFoundationsTests.debug.xcconfig"; sourceTree = "<group>"; };
		5821BDCC93F18452FADE6B9A /* Pods-TestXCFramework.debug.xcconfig */ = {isa = PBXFileReference; includeInIndex = 1; lastKnownFileType = text.xcconfig; name = "Pods-TestXCFramework.debug.xcconfig"; path = "Target Support Files/Pods-TestXCFramework/Pods-TestXCFramework.debug.xcconfig"; sourceTree = "<group>"; };
		6191FF01DC4685253F748663 /* Pods-CoreTests.debug.xcconfig */ = {isa = PBXFileReference; includeInIndex = 1; lastKnownFileType = text.xcconfig; name = "Pods-CoreTests.debug.xcconfig"; path = "Target Support Files/Pods-CoreTests/Pods-CoreTests.debug.xcconfig"; sourceTree = "<group>"; };
		641080A9E01E157660613DC0 /* Pods_MLFoundations.framework */ = {isa = PBXFileReference; explicitFileType = wrapper.framework; includeInIndex = 0; path = Pods_MLFoundations.framework; sourceTree = BUILT_PRODUCTS_DIR; };
		7700C653AD3D88AF3B360C51 /* Pods-MLFoundations.debug.xcconfig */ = {isa = PBXFileReference; includeInIndex = 1; lastKnownFileType = text.xcconfig; name = "Pods-MLFoundations.debug.xcconfig"; path = "Target Support Files/Pods-MLFoundations/Pods-MLFoundations.debug.xcconfig"; sourceTree = "<group>"; };
		86B36C4B0362A4BE3D7EBC48 /* Pods-Core.release.xcconfig */ = {isa = PBXFileReference; includeInIndex = 1; lastKnownFileType = text.xcconfig; name = "Pods-Core.release.xcconfig"; path = "Target Support Files/Pods-Core/Pods-Core.release.xcconfig"; sourceTree = "<group>"; };
		90D1C6D529F8DEFA2E1E0007 /* Pods-TestXCFramework.release.xcconfig */ = {isa = PBXFileReference; includeInIndex = 1; lastKnownFileType = text.xcconfig; name = "Pods-TestXCFramework.release.xcconfig"; path = "Target Support Files/Pods-TestXCFramework/Pods-TestXCFramework.release.xcconfig"; sourceTree = "<group>"; };
		94CB288A726C09EEBA1122CB /* Pods_TestGithubCI.framework */ = {isa = PBXFileReference; explicitFileType = wrapper.framework; includeInIndex = 0; path = Pods_TestGithubCI.framework; sourceTree = BUILT_PRODUCTS_DIR; };
		AEB01FFF0D05C968F74045F8 /* Pods_TestXCFramework.framework */ = {isa = PBXFileReference; explicitFileType = wrapper.framework; includeInIndex = 0; path = Pods_TestXCFramework.framework; sourceTree = BUILT_PRODUCTS_DIR; };
		B2B34EDD2A8AD133DC50F604 /* Pods_MLFoundationsTests.framework */ = {isa = PBXFileReference; explicitFileType = wrapper.framework; includeInIndex = 0; path = Pods_MLFoundationsTests.framework; sourceTree = BUILT_PRODUCTS_DIR; };
		BE2045E3704FE6FEE7829A1A /* Pods-MLFoundations.release.xcconfig */ = {isa = PBXFileReference; includeInIndex = 1; lastKnownFileType = text.xcconfig; name = "Pods-MLFoundations.release.xcconfig"; path = "Target Support Files/Pods-MLFoundations/Pods-MLFoundations.release.xcconfig"; sourceTree = "<group>"; };
		C7A65EAF663936323C7F5CD8 /* Pods-TestGithubCI.release.xcconfig */ = {isa = PBXFileReference; includeInIndex = 1; lastKnownFileType = text.xcconfig; name = "Pods-TestGithubCI.release.xcconfig"; path = "Target Support Files/Pods-TestGithubCI/Pods-TestGithubCI.release.xcconfig"; sourceTree = "<group>"; };
		D5D28CE3A0F729CD4F0F9998 /* Pods-MLFoundationsTests.release.xcconfig */ = {isa = PBXFileReference; includeInIndex = 1; lastKnownFileType = text.xcconfig; name = "Pods-MLFoundationsTests.release.xcconfig"; path = "Target Support Files/Pods-MLFoundationsTests/Pods-MLFoundationsTests.release.xcconfig"; sourceTree = "<group>"; };
		DCFF5E5F0D996DA79C581641 /* Pods-CoreTests.release.xcconfig */ = {isa = PBXFileReference; includeInIndex = 1; lastKnownFileType = text.xcconfig; name = "Pods-CoreTests.release.xcconfig"; path = "Target Support Files/Pods-CoreTests/Pods-CoreTests.release.xcconfig"; sourceTree = "<group>"; };
		F6071A012739984B00CE56BA /* TestGithubCI.app */ = {isa = PBXFileReference; explicitFileType = wrapper.application; includeInIndex = 0; path = TestGithubCI.app; sourceTree = BUILT_PRODUCTS_DIR; };
		F6071A042739984B00CE56BA /* AppDelegate.swift */ = {isa = PBXFileReference; lastKnownFileType = sourcecode.swift; path = AppDelegate.swift; sourceTree = "<group>"; };
		F6071A082739984B00CE56BA /* ViewController.swift */ = {isa = PBXFileReference; lastKnownFileType = sourcecode.swift; path = ViewController.swift; sourceTree = "<group>"; };
		F6071A0D2739984E00CE56BA /* Assets.xcassets */ = {isa = PBXFileReference; lastKnownFileType = folder.assetcatalog; path = Assets.xcassets; sourceTree = "<group>"; };
		F6071A102739984E00CE56BA /* Base */ = {isa = PBXFileReference; lastKnownFileType = file.storyboard; name = Base; path = Base.lproj/LaunchScreen.storyboard; sourceTree = "<group>"; };
		F6071A122739984E00CE56BA /* Info.plist */ = {isa = PBXFileReference; lastKnownFileType = text.plist.xml; path = Info.plist; sourceTree = "<group>"; };
		F6071A172739984E00CE56BA /* TestGithubCITests.xctest */ = {isa = PBXFileReference; explicitFileType = wrapper.cfbundle; includeInIndex = 0; path = TestGithubCITests.xctest; sourceTree = BUILT_PRODUCTS_DIR; };
		F6071A1B2739984E00CE56BA /* TestGithubCITests.swift */ = {isa = PBXFileReference; lastKnownFileType = sourcecode.swift; path = TestGithubCITests.swift; sourceTree = "<group>"; };
		F63E1C572746F6BA0077B678 /* TestXCFramework.framework */ = {isa = PBXFileReference; explicitFileType = wrapper.framework; includeInIndex = 0; path = TestXCFramework.framework; sourceTree = BUILT_PRODUCTS_DIR; };
		F63E1C592746F6BA0077B678 /* TestXCFramework.h */ = {isa = PBXFileReference; lastKnownFileType = sourcecode.c.h; path = TestXCFramework.h; sourceTree = "<group>"; };
		F63E1C5A2746F6BA0077B678 /* TestXCFramework.docc */ = {isa = PBXFileReference; lastKnownFileType = folder.documentationcatalog; path = TestXCFramework.docc; sourceTree = "<group>"; };
		F63E1C602746F6BA0077B678 /* TestXCFrameworkTests.xctest */ = {isa = PBXFileReference; explicitFileType = wrapper.cfbundle; includeInIndex = 0; path = TestXCFrameworkTests.xctest; sourceTree = BUILT_PRODUCTS_DIR; };
		F63E1C672746F6BA0077B678 /* TestXCFrameworkTests.swift */ = {isa = PBXFileReference; lastKnownFileType = sourcecode.swift; path = TestXCFrameworkTests.swift; sourceTree = "<group>"; };
		F63E1C752746F6DA0077B678 /* TestLibWithXCFramework.swift */ = {isa = PBXFileReference; lastKnownFileType = sourcecode.swift; path = TestLibWithXCFramework.swift; sourceTree = "<group>"; };
		F64F8A4627C0328F0081A345 /* MLFoundations.framework */ = {isa = PBXFileReference; explicitFileType = wrapper.framework; includeInIndex = 0; path = MLFoundations.framework; sourceTree = BUILT_PRODUCTS_DIR; };
		F64F8A4827C0328F0081A345 /* MLFoundations.h */ = {isa = PBXFileReference; lastKnownFileType = sourcecode.c.h; path = MLFoundations.h; sourceTree = "<group>"; };
		F64F8A4927C0328F0081A345 /* MLFoundations.docc */ = {isa = PBXFileReference; lastKnownFileType = folder.documentationcatalog; path = MLFoundations.docc; sourceTree = "<group>"; };
		F64F8A4F27C032900081A345 /* MLFoundationsTests.xctest */ = {isa = PBXFileReference; explicitFileType = wrapper.cfbundle; includeInIndex = 0; path = MLFoundationsTests.xctest; sourceTree = BUILT_PRODUCTS_DIR; };
		F64F8A5627C032900081A345 /* MLFoundationsTests.swift */ = {isa = PBXFileReference; lastKnownFileType = sourcecode.swift; path = MLFoundationsTests.swift; sourceTree = "<group>"; };
		F64F8A6927C032B70081A345 /* Core.framework */ = {isa = PBXFileReference; explicitFileType = wrapper.framework; includeInIndex = 0; path = Core.framework; sourceTree = BUILT_PRODUCTS_DIR; };
		F64F8A6B27C032B70081A345 /* Core.h */ = {isa = PBXFileReference; lastKnownFileType = sourcecode.c.h; path = Core.h; sourceTree = "<group>"; };
		F64F8A6C27C032B70081A345 /* Core.docc */ = {isa = PBXFileReference; lastKnownFileType = folder.documentationcatalog; path = Core.docc; sourceTree = "<group>"; };
		F64F8A7227C032B70081A345 /* CoreTests.xctest */ = {isa = PBXFileReference; explicitFileType = wrapper.cfbundle; includeInIndex = 0; path = CoreTests.xctest; sourceTree = BUILT_PRODUCTS_DIR; };
		F64F8A7927C032B70081A345 /* CoreTests.swift */ = {isa = PBXFileReference; lastKnownFileType = sourcecode.swift; path = CoreTests.swift; sourceTree = "<group>"; };
		F64F8A8A27C034530081A345 /* CoreClass.swift */ = {isa = PBXFileReference; fileEncoding = 4; lastKnownFileType = sourcecode.swift; path = CoreClass.swift; sourceTree = "<group>"; };
		F64F8A8C27C0345C0081A345 /* MLFoundationsClass.swift */ = {isa = PBXFileReference; fileEncoding = 4; lastKnownFileType = sourcecode.swift; path = MLFoundationsClass.swift; sourceTree = "<group>"; };
/* End PBXFileReference section */

/* Begin PBXFrameworksBuildPhase section */
		F60719FE2739984B00CE56BA /* Frameworks */ = {
			isa = PBXFrameworksBuildPhase;
			buildActionMask = 2147483647;
			files = (
				4AA8C3397936E2414EECA615 /* Pods_TestGithubCI.framework in Frameworks */,
			);
			runOnlyForDeploymentPostprocessing = 0;
		};
		F6071A142739984E00CE56BA /* Frameworks */ = {
			isa = PBXFrameworksBuildPhase;
			buildActionMask = 2147483647;
			files = (
			);
			runOnlyForDeploymentPostprocessing = 0;
		};
		F63E1C542746F6BA0077B678 /* Frameworks */ = {
			isa = PBXFrameworksBuildPhase;
			buildActionMask = 2147483647;
			files = (
				F6914F07282ED5D600D10EF0 /* MLFoundations.framework in Frameworks */,
				F6914F03282ED5D600D10EF0 /* Core.framework in Frameworks */,
				0A4D852FE57DBFD9EDB7C74C /* Pods_TestXCFramework.framework in Frameworks */,
			);
			runOnlyForDeploymentPostprocessing = 0;
		};
		F63E1C5D2746F6BA0077B678 /* Frameworks */ = {
			isa = PBXFrameworksBuildPhase;
			buildActionMask = 2147483647;
			files = (
			);
			runOnlyForDeploymentPostprocessing = 0;
		};
		F64F8A4327C0328F0081A345 /* Frameworks */ = {
			isa = PBXFrameworksBuildPhase;
			buildActionMask = 2147483647;
			files = (
				F30CBAD38E8EB410C1A7E02F /* Pods_MLFoundations.framework in Frameworks */,
			);
			runOnlyForDeploymentPostprocessing = 0;
		};
		F64F8A4C27C032900081A345 /* Frameworks */ = {
			isa = PBXFrameworksBuildPhase;
			buildActionMask = 2147483647;
			files = (
				F64F8A5027C032900081A345 /* MLFoundations.framework in Frameworks */,
				E23C9A1C607EE8A99D290FAB /* Pods_MLFoundationsTests.framework in Frameworks */,
			);
			runOnlyForDeploymentPostprocessing = 0;
		};
		F64F8A6627C032B70081A345 /* Frameworks */ = {
			isa = PBXFrameworksBuildPhase;
			buildActionMask = 2147483647;
			files = (
				40B7A5A8D95908EEEB472BE7 /* Pods_Core.framework in Frameworks */,
			);
			runOnlyForDeploymentPostprocessing = 0;
		};
		F64F8A6F27C032B70081A345 /* Frameworks */ = {
			isa = PBXFrameworksBuildPhase;
			buildActionMask = 2147483647;
			files = (
				F64F8A7327C032B70081A345 /* Core.framework in Frameworks */,
				830C1ECE360BD927B8D0114D /* Pods_CoreTests.framework in Frameworks */,
			);
			runOnlyForDeploymentPostprocessing = 0;
		};
/* End PBXFrameworksBuildPhase section */

/* Begin PBXGroup section */
		927BB6ED4E659DAFC34256BC /* Pods */ = {
			isa = PBXGroup;
			children = (
				2CD0E680DB4C269BDF7486D9 /* Pods-TestGithubCI.debug.xcconfig */,
				C7A65EAF663936323C7F5CD8 /* Pods-TestGithubCI.release.xcconfig */,
				29FBD924BC2933F327C43883 /* Pods-Core.debug.xcconfig */,
				86B36C4B0362A4BE3D7EBC48 /* Pods-Core.release.xcconfig */,
				6191FF01DC4685253F748663 /* Pods-CoreTests.debug.xcconfig */,
				DCFF5E5F0D996DA79C581641 /* Pods-CoreTests.release.xcconfig */,
				7700C653AD3D88AF3B360C51 /* Pods-MLFoundations.debug.xcconfig */,
				BE2045E3704FE6FEE7829A1A /* Pods-MLFoundations.release.xcconfig */,
				488FF33DB9BA950C569DBAD3 /* Pods-MLFoundationsTests.debug.xcconfig */,
				D5D28CE3A0F729CD4F0F9998 /* Pods-MLFoundationsTests.release.xcconfig */,
				5821BDCC93F18452FADE6B9A /* Pods-TestXCFramework.debug.xcconfig */,
				90D1C6D529F8DEFA2E1E0007 /* Pods-TestXCFramework.release.xcconfig */,
			);
			path = Pods;
			sourceTree = "<group>";
		};
		D57D8F19F26D7014A1D4B219 /* Frameworks */ = {
			isa = PBXGroup;
			children = (
				327AA5F7C71B9709B2A5D734 /* Pods_Core.framework */,
				23F7E364FA907624E4DCDC2E /* Pods_CoreTests.framework */,
				641080A9E01E157660613DC0 /* Pods_MLFoundations.framework */,
				B2B34EDD2A8AD133DC50F604 /* Pods_MLFoundationsTests.framework */,
				94CB288A726C09EEBA1122CB /* Pods_TestGithubCI.framework */,
				AEB01FFF0D05C968F74045F8 /* Pods_TestXCFramework.framework */,
			);
			name = Frameworks;
			sourceTree = "<group>";
		};
		F60719F82739984B00CE56BA = {
			isa = PBXGroup;
			children = (
				F6071A032739984B00CE56BA /* TestGithubCI */,
				F6071A1A2739984E00CE56BA /* TestGithubCITests */,
				F63E1C582746F6BA0077B678 /* TestXCFramework */,
				F63E1C662746F6BA0077B678 /* TestXCFrameworkTests */,
				F64F8A4727C0328F0081A345 /* MLFoundations */,
				F64F8A5527C032900081A345 /* MLFoundationsTests */,
				F64F8A6A27C032B70081A345 /* Core */,
				F64F8A7827C032B70081A345 /* CoreTests */,
				F6071A022739984B00CE56BA /* Products */,
				927BB6ED4E659DAFC34256BC /* Pods */,
				D57D8F19F26D7014A1D4B219 /* Frameworks */,
			);
			sourceTree = "<group>";
		};
		F6071A022739984B00CE56BA /* Products */ = {
			isa = PBXGroup;
			children = (
				F6071A012739984B00CE56BA /* TestGithubCI.app */,
				F6071A172739984E00CE56BA /* TestGithubCITests.xctest */,
				F63E1C572746F6BA0077B678 /* TestXCFramework.framework */,
				F63E1C602746F6BA0077B678 /* TestXCFrameworkTests.xctest */,
				F64F8A4627C0328F0081A345 /* MLFoundations.framework */,
				F64F8A4F27C032900081A345 /* MLFoundationsTests.xctest */,
				F64F8A6927C032B70081A345 /* Core.framework */,
				F64F8A7227C032B70081A345 /* CoreTests.xctest */,
			);
			name = Products;
			sourceTree = "<group>";
		};
		F6071A032739984B00CE56BA /* TestGithubCI */ = {
			isa = PBXGroup;
			children = (
				F6071A042739984B00CE56BA /* AppDelegate.swift */,
				F6071A082739984B00CE56BA /* ViewController.swift */,
				F6071A0D2739984E00CE56BA /* Assets.xcassets */,
				F6071A0F2739984E00CE56BA /* LaunchScreen.storyboard */,
				F6071A122739984E00CE56BA /* Info.plist */,
			);
			path = TestGithubCI;
			sourceTree = "<group>";
		};
		F6071A1A2739984E00CE56BA /* TestGithubCITests */ = {
			isa = PBXGroup;
			children = (
				F6071A1B2739984E00CE56BA /* TestGithubCITests.swift */,
			);
			path = TestGithubCITests;
			sourceTree = "<group>";
		};
		F63E1C582746F6BA0077B678 /* TestXCFramework */ = {
			isa = PBXGroup;
			children = (
				F63E1C592746F6BA0077B678 /* TestXCFramework.h */,
				F63E1C5A2746F6BA0077B678 /* TestXCFramework.docc */,
				F63E1C752746F6DA0077B678 /* TestLibWithXCFramework.swift */,
			);
			path = TestXCFramework;
			sourceTree = "<group>";
		};
		F63E1C662746F6BA0077B678 /* TestXCFrameworkTests */ = {
			isa = PBXGroup;
			children = (
				F63E1C672746F6BA0077B678 /* TestXCFrameworkTests.swift */,
			);
			path = TestXCFrameworkTests;
			sourceTree = "<group>";
		};
		F64F8A4727C0328F0081A345 /* MLFoundations */ = {
			isa = PBXGroup;
			children = (
				F64F8A8C27C0345C0081A345 /* MLFoundationsClass.swift */,
				F64F8A4827C0328F0081A345 /* MLFoundations.h */,
				F64F8A4927C0328F0081A345 /* MLFoundations.docc */,
			);
			path = MLFoundations;
			sourceTree = "<group>";
		};
		F64F8A5527C032900081A345 /* MLFoundationsTests */ = {
			isa = PBXGroup;
			children = (
				F64F8A5627C032900081A345 /* MLFoundationsTests.swift */,
			);
			path = MLFoundationsTests;
			sourceTree = "<group>";
		};
		F64F8A6A27C032B70081A345 /* Core */ = {
			isa = PBXGroup;
			children = (
				F64F8A8A27C034530081A345 /* CoreClass.swift */,
				F64F8A6B27C032B70081A345 /* Core.h */,
				F64F8A6C27C032B70081A345 /* Core.docc */,
			);
			path = Core;
			sourceTree = "<group>";
		};
		F64F8A7827C032B70081A345 /* CoreTests */ = {
			isa = PBXGroup;
			children = (
				F64F8A7927C032B70081A345 /* CoreTests.swift */,
			);
			path = CoreTests;
			sourceTree = "<group>";
		};
/* End PBXGroup section */

/* Begin PBXHeadersBuildPhase section */
		F63E1C522746F6BA0077B678 /* Headers */ = {
			isa = PBXHeadersBuildPhase;
			buildActionMask = 2147483647;
			files = (
				F63E1C692746F6BA0077B678 /* TestXCFramework.h in Headers */,
			);
			runOnlyForDeploymentPostprocessing = 0;
		};
		F64F8A4127C0328F0081A345 /* Headers */ = {
			isa = PBXHeadersBuildPhase;
			buildActionMask = 2147483647;
			files = (
				F64F8A5827C032900081A345 /* MLFoundations.h in Headers */,
			);
			runOnlyForDeploymentPostprocessing = 0;
		};
		F64F8A6427C032B70081A345 /* Headers */ = {
			isa = PBXHeadersBuildPhase;
			buildActionMask = 2147483647;
			files = (
				F64F8A7B27C032B70081A345 /* Core.h in Headers */,
			);
			runOnlyForDeploymentPostprocessing = 0;
		};
/* End PBXHeadersBuildPhase section */

/* Begin PBXNativeTarget section */
		F6071A002739984B00CE56BA /* TestGithubCI */ = {
			isa = PBXNativeTarget;
			buildConfigurationList = F6071A2B2739984F00CE56BA /* Build configuration list for PBXNativeTarget "TestGithubCI" */;
			buildPhases = (
				24B5F94E42C648567DDA0278 /* [CP] Check Pods Manifest.lock */,
				F60719FD2739984B00CE56BA /* Sources */,
				F60719FE2739984B00CE56BA /* Frameworks */,
				F60719FF2739984B00CE56BA /* Resources */,
				F64F8A6027C032900081A345 /* Embed Frameworks */,
			);
			buildRules = (
			);
			dependencies = (
			);
			name = TestGithubCI;
			productName = TestGithubCI;
			productReference = F6071A012739984B00CE56BA /* TestGithubCI.app */;
			productType = "com.apple.product-type.application";
		};
		F6071A162739984E00CE56BA /* TestGithubCITests */ = {
			isa = PBXNativeTarget;
			buildConfigurationList = F6071A2E2739984F00CE56BA /* Build configuration list for PBXNativeTarget "TestGithubCITests" */;
			buildPhases = (
				F6071A132739984E00CE56BA /* Sources */,
				F6071A142739984E00CE56BA /* Frameworks */,
				F6071A152739984E00CE56BA /* Resources */,
			);
			buildRules = (
			);
			dependencies = (
				F6071A192739984E00CE56BA /* PBXTargetDependency */,
			);
			name = TestGithubCITests;
			productName = TestGithubCITests;
			productReference = F6071A172739984E00CE56BA /* TestGithubCITests.xctest */;
			productType = "com.apple.product-type.bundle.unit-test";
		};
		F63E1C562746F6BA0077B678 /* TestXCFramework */ = {
			isa = PBXNativeTarget;
			buildConfigurationList = F63E1C732746F6BA0077B678 /* Build configuration list for PBXNativeTarget "TestXCFramework" */;
			buildPhases = (
				3CAB58CFDE8AFB7D6D7B84CC /* [CP] Check Pods Manifest.lock */,
				F63E1C522746F6BA0077B678 /* Headers */,
				F63E1C532746F6BA0077B678 /* Sources */,
				F63E1C542746F6BA0077B678 /* Frameworks */,
				F63E1C552746F6BA0077B678 /* Resources */,
			);
			buildRules = (
			);
			dependencies = (
				2993094227D147D300732B48 /* PBXTargetDependency */,
				F6914F06282ED5D600D10EF0 /* PBXTargetDependency */,
				F6914F0A282ED5D600D10EF0 /* PBXTargetDependency */,
			);
			name = TestXCFramework;
			productName = TestXCFramework;
			productReference = F63E1C572746F6BA0077B678 /* TestXCFramework.framework */;
			productType = "com.apple.product-type.framework";
		};
		F63E1C5F2746F6BA0077B678 /* TestXCFrameworkTests */ = {
			isa = PBXNativeTarget;
			buildConfigurationList = F63E1C742746F6BA0077B678 /* Build configuration list for PBXNativeTarget "TestXCFrameworkTests" */;
			buildPhases = (
				F63E1C5C2746F6BA0077B678 /* Sources */,
				F63E1C5D2746F6BA0077B678 /* Frameworks */,
				F63E1C5E2746F6BA0077B678 /* Resources */,
			);
			buildRules = (
			);
			dependencies = (
				F63E1C632746F6BA0077B678 /* PBXTargetDependency */,
				F63E1C652746F6BA0077B678 /* PBXTargetDependency */,
			);
			name = TestXCFrameworkTests;
			productName = TestXCFrameworkTests;
			productReference = F63E1C602746F6BA0077B678 /* TestXCFrameworkTests.xctest */;
			productType = "com.apple.product-type.bundle.unit-test";
		};
		F64F8A4527C0328F0081A345 /* MLFoundations */ = {
			isa = PBXNativeTarget;
			buildConfigurationList = F64F8A5D27C032900081A345 /* Build configuration list for PBXNativeTarget "MLFoundations" */;
			buildPhases = (
				69FAB2AB54E0AE4E39456A0C /* [CP] Check Pods Manifest.lock */,
				F64F8A4127C0328F0081A345 /* Headers */,
				F64F8A4227C0328F0081A345 /* Sources */,
				F64F8A4327C0328F0081A345 /* Frameworks */,
				F64F8A4427C0328F0081A345 /* Resources */,
			);
			buildRules = (
			);
			dependencies = (
				F64F8A9827C56F840081A345 /* PBXTargetDependency */,
			);
			name = MLFoundations;
			productName = MLFoundations;
			productReference = F64F8A4627C0328F0081A345 /* MLFoundations.framework */;
			productType = "com.apple.product-type.framework";
		};
		F64F8A4E27C032900081A345 /* MLFoundationsTests */ = {
			isa = PBXNativeTarget;
			buildConfigurationList = F64F8A6127C032900081A345 /* Build configuration list for PBXNativeTarget "MLFoundationsTests" */;
			buildPhases = (
				99942BBF0AE0B5B0743902E4 /* [CP] Check Pods Manifest.lock */,
				F64F8A4B27C032900081A345 /* Sources */,
				F64F8A4C27C032900081A345 /* Frameworks */,
				F64F8A4D27C032900081A345 /* Resources */,
			);
			buildRules = (
			);
			dependencies = (
				F64F8A5227C032900081A345 /* PBXTargetDependency */,
				F64F8A5427C032900081A345 /* PBXTargetDependency */,
			);
			name = MLFoundationsTests;
			productName = MLFoundationsTests;
			productReference = F64F8A4F27C032900081A345 /* MLFoundationsTests.xctest */;
			productType = "com.apple.product-type.bundle.unit-test";
		};
		F64F8A6827C032B70081A345 /* Core */ = {
			isa = PBXNativeTarget;
			buildConfigurationList = F64F8A8027C032B70081A345 /* Build configuration list for PBXNativeTarget "Core" */;
			buildPhases = (
				6AF0B0E3FF89B7B0102F19A6 /* [CP] Check Pods Manifest.lock */,
				F64F8A6427C032B70081A345 /* Headers */,
				F64F8A6527C032B70081A345 /* Sources */,
				F64F8A6627C032B70081A345 /* Frameworks */,
				F64F8A6727C032B70081A345 /* Resources */,
			);
			buildRules = (
			);
			dependencies = (
			);
			name = Core;
			productName = Core;
			productReference = F64F8A6927C032B70081A345 /* Core.framework */;
			productType = "com.apple.product-type.framework";
		};
		F64F8A7127C032B70081A345 /* CoreTests */ = {
			isa = PBXNativeTarget;
			buildConfigurationList = F64F8A8327C032B70081A345 /* Build configuration list for PBXNativeTarget "CoreTests" */;
			buildPhases = (
				74AEDA5452E70B94EB597600 /* [CP] Check Pods Manifest.lock */,
				F64F8A6E27C032B70081A345 /* Sources */,
				F64F8A6F27C032B70081A345 /* Frameworks */,
				F64F8A7027C032B70081A345 /* Resources */,
			);
			buildRules = (
			);
			dependencies = (
				F64F8A7527C032B70081A345 /* PBXTargetDependency */,
				F64F8A7727C032B70081A345 /* PBXTargetDependency */,
			);
			name = CoreTests;
			productName = CoreTests;
			productReference = F64F8A7227C032B70081A345 /* CoreTests.xctest */;
			productType = "com.apple.product-type.bundle.unit-test";
		};
/* End PBXNativeTarget section */

/* Begin PBXProject section */
		F60719F92739984B00CE56BA /* Project object */ = {
			isa = PBXProject;
			attributes = {
				BuildIndependentTargetsInParallel = 1;
				LastSwiftUpdateCheck = 1320;
				LastUpgradeCheck = 1310;
				TargetAttributes = {
					2993093927D147AA00732B48 = {
						CreatedOnToolsVersion = 13.2.1;
					};
					F6071A002739984B00CE56BA = {
						CreatedOnToolsVersion = 13.1;
					};
					F6071A162739984E00CE56BA = {
						CreatedOnToolsVersion = 13.1;
						TestTargetID = F6071A002739984B00CE56BA;
					};
					F63E1C562746F6BA0077B678 = {
						CreatedOnToolsVersion = 13.1;
					};
					F63E1C5F2746F6BA0077B678 = {
						CreatedOnToolsVersion = 13.1;
						TestTargetID = F6071A002739984B00CE56BA;
					};
					F64F8A4527C0328F0081A345 = {
						CreatedOnToolsVersion = 13.2.1;
					};
					F64F8A4E27C032900081A345 = {
						CreatedOnToolsVersion = 13.2.1;
						TestTargetID = F6071A002739984B00CE56BA;
					};
					F64F8A6827C032B70081A345 = {
						CreatedOnToolsVersion = 13.2.1;
					};
					F64F8A7127C032B70081A345 = {
						CreatedOnToolsVersion = 13.2.1;
						TestTargetID = F6071A002739984B00CE56BA;
					};
				};
			};
			buildConfigurationList = F60719FC2739984B00CE56BA /* Build configuration list for PBXProject "TestGithubCI" */;
			compatibilityVersion = "Xcode 13.0";
			developmentRegion = en;
			hasScannedForEncodings = 0;
			knownRegions = (
				en,
				Base,
			);
			mainGroup = F60719F82739984B00CE56BA;
			productRefGroup = F6071A022739984B00CE56BA /* Products */;
			projectDirPath = "";
			projectRoot = "";
			targets = (
				F6071A002739984B00CE56BA /* TestGithubCI */,
				F6071A162739984E00CE56BA /* TestGithubCITests */,
				F63E1C562746F6BA0077B678 /* TestXCFramework */,
				F63E1C5F2746F6BA0077B678 /* TestXCFrameworkTests */,
				F64F8A4527C0328F0081A345 /* MLFoundations */,
				F64F8A4E27C032900081A345 /* MLFoundationsTests */,
				F64F8A6827C032B70081A345 /* Core */,
				F64F8A7127C032B70081A345 /* CoreTests */,
				2993093927D147AA00732B48 /* LANInternal */,
			);
		};
/* End PBXProject section */

/* Begin PBXResourcesBuildPhase section */
		F60719FF2739984B00CE56BA /* Resources */ = {
			isa = PBXResourcesBuildPhase;
			buildActionMask = 2147483647;
			files = (
				F6071A112739984E00CE56BA /* LaunchScreen.storyboard in Resources */,
				F6071A0E2739984E00CE56BA /* Assets.xcassets in Resources */,
			);
			runOnlyForDeploymentPostprocessing = 0;
		};
		F6071A152739984E00CE56BA /* Resources */ = {
			isa = PBXResourcesBuildPhase;
			buildActionMask = 2147483647;
			files = (
			);
			runOnlyForDeploymentPostprocessing = 0;
		};
		F63E1C552746F6BA0077B678 /* Resources */ = {
			isa = PBXResourcesBuildPhase;
			buildActionMask = 2147483647;
			files = (
			);
			runOnlyForDeploymentPostprocessing = 0;
		};
		F63E1C5E2746F6BA0077B678 /* Resources */ = {
			isa = PBXResourcesBuildPhase;
			buildActionMask = 2147483647;
			files = (
			);
			runOnlyForDeploymentPostprocessing = 0;
		};
		F64F8A4427C0328F0081A345 /* Resources */ = {
			isa = PBXResourcesBuildPhase;
			buildActionMask = 2147483647;
			files = (
			);
			runOnlyForDeploymentPostprocessing = 0;
		};
		F64F8A4D27C032900081A345 /* Resources */ = {
			isa = PBXResourcesBuildPhase;
			buildActionMask = 2147483647;
			files = (
			);
			runOnlyForDeploymentPostprocessing = 0;
		};
		F64F8A6727C032B70081A345 /* Resources */ = {
			isa = PBXResourcesBuildPhase;
			buildActionMask = 2147483647;
			files = (
			);
			runOnlyForDeploymentPostprocessing = 0;
		};
		F64F8A7027C032B70081A345 /* Resources */ = {
			isa = PBXResourcesBuildPhase;
			buildActionMask = 2147483647;
			files = (
			);
			runOnlyForDeploymentPostprocessing = 0;
		};
/* End PBXResourcesBuildPhase section */

/* Begin PBXShellScriptBuildPhase section */
		24B5F94E42C648567DDA0278 /* [CP] Check Pods Manifest.lock */ = {
			isa = PBXShellScriptBuildPhase;
			buildActionMask = 2147483647;
			files = (
			);
			inputFileListPaths = (
			);
			inputPaths = (
				"${PODS_PODFILE_DIR_PATH}/Podfile.lock",
				"${PODS_ROOT}/Manifest.lock",
			);
			name = "[CP] Check Pods Manifest.lock";
			outputFileListPaths = (
			);
			outputPaths = (
				"$(DERIVED_FILE_DIR)/Pods-TestGithubCI-checkManifestLockResult.txt",
			);
			runOnlyForDeploymentPostprocessing = 0;
			shellPath = /bin/sh;
			shellScript = "diff \"${PODS_PODFILE_DIR_PATH}/Podfile.lock\" \"${PODS_ROOT}/Manifest.lock\" > /dev/null\nif [ $? != 0 ] ; then\n    # print error to STDERR\n    echo \"error: The sandbox is not in sync with the Podfile.lock. Run 'pod install' or update your CocoaPods installation.\" >&2\n    exit 1\nfi\n# This output is used by Xcode 'outputs' to avoid re-running this script phase.\necho \"SUCCESS\" > \"${SCRIPT_OUTPUT_FILE_0}\"\n";
			showEnvVarsInLog = 0;
		};
		3CAB58CFDE8AFB7D6D7B84CC /* [CP] Check Pods Manifest.lock */ = {
			isa = PBXShellScriptBuildPhase;
			buildActionMask = 2147483647;
			files = (
			);
			inputFileListPaths = (
			);
			inputPaths = (
				"${PODS_PODFILE_DIR_PATH}/Podfile.lock",
				"${PODS_ROOT}/Manifest.lock",
			);
			name = "[CP] Check Pods Manifest.lock";
			outputFileListPaths = (
			);
			outputPaths = (
				"$(DERIVED_FILE_DIR)/Pods-TestXCFramework-checkManifestLockResult.txt",
			);
			runOnlyForDeploymentPostprocessing = 0;
			shellPath = /bin/sh;
			shellScript = "diff \"${PODS_PODFILE_DIR_PATH}/Podfile.lock\" \"${PODS_ROOT}/Manifest.lock\" > /dev/null\nif [ $? != 0 ] ; then\n    # print error to STDERR\n    echo \"error: The sandbox is not in sync with the Podfile.lock. Run 'pod install' or update your CocoaPods installation.\" >&2\n    exit 1\nfi\n# This output is used by Xcode 'outputs' to avoid re-running this script phase.\necho \"SUCCESS\" > \"${SCRIPT_OUTPUT_FILE_0}\"\n";
			showEnvVarsInLog = 0;
		};
		69FAB2AB54E0AE4E39456A0C /* [CP] Check Pods Manifest.lock */ = {
			isa = PBXShellScriptBuildPhase;
			buildActionMask = 2147483647;
			files = (
			);
			inputFileListPaths = (
			);
			inputPaths = (
				"${PODS_PODFILE_DIR_PATH}/Podfile.lock",
				"${PODS_ROOT}/Manifest.lock",
			);
			name = "[CP] Check Pods Manifest.lock";
			outputFileListPaths = (
			);
			outputPaths = (
				"$(DERIVED_FILE_DIR)/Pods-MLFoundations-checkManifestLockResult.txt",
			);
			runOnlyForDeploymentPostprocessing = 0;
			shellPath = /bin/sh;
			shellScript = "diff \"${PODS_PODFILE_DIR_PATH}/Podfile.lock\" \"${PODS_ROOT}/Manifest.lock\" > /dev/null\nif [ $? != 0 ] ; then\n    # print error to STDERR\n    echo \"error: The sandbox is not in sync with the Podfile.lock. Run 'pod install' or update your CocoaPods installation.\" >&2\n    exit 1\nfi\n# This output is used by Xcode 'outputs' to avoid re-running this script phase.\necho \"SUCCESS\" > \"${SCRIPT_OUTPUT_FILE_0}\"\n";
			showEnvVarsInLog = 0;
		};
		6AF0B0E3FF89B7B0102F19A6 /* [CP] Check Pods Manifest.lock */ = {
			isa = PBXShellScriptBuildPhase;
			buildActionMask = 2147483647;
			files = (
			);
			inputFileListPaths = (
			);
			inputPaths = (
				"${PODS_PODFILE_DIR_PATH}/Podfile.lock",
				"${PODS_ROOT}/Manifest.lock",
			);
			name = "[CP] Check Pods Manifest.lock";
			outputFileListPaths = (
			);
			outputPaths = (
				"$(DERIVED_FILE_DIR)/Pods-Core-checkManifestLockResult.txt",
			);
			runOnlyForDeploymentPostprocessing = 0;
			shellPath = /bin/sh;
			shellScript = "diff \"${PODS_PODFILE_DIR_PATH}/Podfile.lock\" \"${PODS_ROOT}/Manifest.lock\" > /dev/null\nif [ $? != 0 ] ; then\n    # print error to STDERR\n    echo \"error: The sandbox is not in sync with the Podfile.lock. Run 'pod install' or update your CocoaPods installation.\" >&2\n    exit 1\nfi\n# This output is used by Xcode 'outputs' to avoid re-running this script phase.\necho \"SUCCESS\" > \"${SCRIPT_OUTPUT_FILE_0}\"\n";
			showEnvVarsInLog = 0;
		};
		74AEDA5452E70B94EB597600 /* [CP] Check Pods Manifest.lock */ = {
			isa = PBXShellScriptBuildPhase;
			buildActionMask = 2147483647;
			files = (
			);
			inputFileListPaths = (
			);
			inputPaths = (
				"${PODS_PODFILE_DIR_PATH}/Podfile.lock",
				"${PODS_ROOT}/Manifest.lock",
			);
			name = "[CP] Check Pods Manifest.lock";
			outputFileListPaths = (
			);
			outputPaths = (
				"$(DERIVED_FILE_DIR)/Pods-CoreTests-checkManifestLockResult.txt",
			);
			runOnlyForDeploymentPostprocessing = 0;
			shellPath = /bin/sh;
			shellScript = "diff \"${PODS_PODFILE_DIR_PATH}/Podfile.lock\" \"${PODS_ROOT}/Manifest.lock\" > /dev/null\nif [ $? != 0 ] ; then\n    # print error to STDERR\n    echo \"error: The sandbox is not in sync with the Podfile.lock. Run 'pod install' or update your CocoaPods installation.\" >&2\n    exit 1\nfi\n# This output is used by Xcode 'outputs' to avoid re-running this script phase.\necho \"SUCCESS\" > \"${SCRIPT_OUTPUT_FILE_0}\"\n";
			showEnvVarsInLog = 0;
		};
		99942BBF0AE0B5B0743902E4 /* [CP] Check Pods Manifest.lock */ = {
			isa = PBXShellScriptBuildPhase;
			buildActionMask = 2147483647;
			files = (
			);
			inputFileListPaths = (
			);
			inputPaths = (
				"${PODS_PODFILE_DIR_PATH}/Podfile.lock",
				"${PODS_ROOT}/Manifest.lock",
			);
			name = "[CP] Check Pods Manifest.lock";
			outputFileListPaths = (
			);
			outputPaths = (
				"$(DERIVED_FILE_DIR)/Pods-MLFoundationsTests-checkManifestLockResult.txt",
			);
			runOnlyForDeploymentPostprocessing = 0;
			shellPath = /bin/sh;
			shellScript = "diff \"${PODS_PODFILE_DIR_PATH}/Podfile.lock\" \"${PODS_ROOT}/Manifest.lock\" > /dev/null\nif [ $? != 0 ] ; then\n    # print error to STDERR\n    echo \"error: The sandbox is not in sync with the Podfile.lock. Run 'pod install' or update your CocoaPods installation.\" >&2\n    exit 1\nfi\n# This output is used by Xcode 'outputs' to avoid re-running this script phase.\necho \"SUCCESS\" > \"${SCRIPT_OUTPUT_FILE_0}\"\n";
			showEnvVarsInLog = 0;
		};
/* End PBXShellScriptBuildPhase section */

/* Begin PBXSourcesBuildPhase section */
		F60719FD2739984B00CE56BA /* Sources */ = {
			isa = PBXSourcesBuildPhase;
			buildActionMask = 2147483647;
			files = (
				F6071A092739984B00CE56BA /* ViewController.swift in Sources */,
				F6071A052739984B00CE56BA /* AppDelegate.swift in Sources */,
			);
			runOnlyForDeploymentPostprocessing = 0;
		};
		F6071A132739984E00CE56BA /* Sources */ = {
			isa = PBXSourcesBuildPhase;
			buildActionMask = 2147483647;
			files = (
				F6071A1C2739984E00CE56BA /* TestGithubCITests.swift in Sources */,
			);
			runOnlyForDeploymentPostprocessing = 0;
		};
		F63E1C532746F6BA0077B678 /* Sources */ = {
			isa = PBXSourcesBuildPhase;
			buildActionMask = 2147483647;
			files = (
				F63E1C762746F6DA0077B678 /* TestLibWithXCFramework.swift in Sources */,
			);
			runOnlyForDeploymentPostprocessing = 0;
		};
		F63E1C5C2746F6BA0077B678 /* Sources */ = {
			isa = PBXSourcesBuildPhase;
			buildActionMask = 2147483647;
			files = (
				F63E1C682746F6BA0077B678 /* TestXCFrameworkTests.swift in Sources */,
			);
			runOnlyForDeploymentPostprocessing = 0;
		};
		F64F8A4227C0328F0081A345 /* Sources */ = {
			isa = PBXSourcesBuildPhase;
			buildActionMask = 2147483647;
			files = (
				F64F8A8D27C0345C0081A345 /* MLFoundationsClass.swift in Sources */,
				F64F8A4A27C0328F0081A345 /* MLFoundations.docc in Sources */,
			);
			runOnlyForDeploymentPostprocessing = 0;
		};
		F64F8A4B27C032900081A345 /* Sources */ = {
			isa = PBXSourcesBuildPhase;
			buildActionMask = 2147483647;
			files = (
				F64F8A5727C032900081A345 /* MLFoundationsTests.swift in Sources */,
			);
			runOnlyForDeploymentPostprocessing = 0;
		};
		F64F8A6527C032B70081A345 /* Sources */ = {
			isa = PBXSourcesBuildPhase;
			buildActionMask = 2147483647;
			files = (
				F64F8A6D27C032B70081A345 /* Core.docc in Sources */,
				F64F8A8B27C034530081A345 /* CoreClass.swift in Sources */,
			);
			runOnlyForDeploymentPostprocessing = 0;
		};
		F64F8A6E27C032B70081A345 /* Sources */ = {
			isa = PBXSourcesBuildPhase;
			buildActionMask = 2147483647;
			files = (
				F64F8A7A27C032B70081A345 /* CoreTests.swift in Sources */,
			);
			runOnlyForDeploymentPostprocessing = 0;
		};
/* End PBXSourcesBuildPhase section */

/* Begin PBXTargetDependency section */
		2993093E27D147C800732B48 /* PBXTargetDependency */ = {
			isa = PBXTargetDependency;
			target = F64F8A6827C032B70081A345 /* Core */;
			targetProxy = 2993093D27D147C800732B48 /* PBXContainerItemProxy */;
		};
		2993094027D147C800732B48 /* PBXTargetDependency */ = {
			isa = PBXTargetDependency;
			target = F64F8A4527C0328F0081A345 /* MLFoundations */;
			targetProxy = 2993093F27D147C800732B48 /* PBXContainerItemProxy */;
		};
		2993094227D147D300732B48 /* PBXTargetDependency */ = {
			isa = PBXTargetDependency;
			target = 2993093927D147AA00732B48 /* LANInternal */;
			targetProxy = 2993094127D147D300732B48 /* PBXContainerItemProxy */;
		};
		F6071A192739984E00CE56BA /* PBXTargetDependency */ = {
			isa = PBXTargetDependency;
			target = F6071A002739984B00CE56BA /* TestGithubCI */;
			targetProxy = F6071A182739984E00CE56BA /* PBXContainerItemProxy */;
		};
		F63E1C632746F6BA0077B678 /* PBXTargetDependency */ = {
			isa = PBXTargetDependency;
			target = F63E1C562746F6BA0077B678 /* TestXCFramework */;
			targetProxy = F63E1C622746F6BA0077B678 /* PBXContainerItemProxy */;
		};
		F63E1C652746F6BA0077B678 /* PBXTargetDependency */ = {
			isa = PBXTargetDependency;
			target = F6071A002739984B00CE56BA /* TestGithubCI */;
			targetProxy = F63E1C642746F6BA0077B678 /* PBXContainerItemProxy */;
		};
		F64F8A5227C032900081A345 /* PBXTargetDependency */ = {
			isa = PBXTargetDependency;
			target = F64F8A4527C0328F0081A345 /* MLFoundations */;
			targetProxy = F64F8A5127C032900081A345 /* PBXContainerItemProxy */;
		};
		F64F8A5427C032900081A345 /* PBXTargetDependency */ = {
			isa = PBXTargetDependency;
			target = F6071A002739984B00CE56BA /* TestGithubCI */;
			targetProxy = F64F8A5327C032900081A345 /* PBXContainerItemProxy */;
		};
		F64F8A7527C032B70081A345 /* PBXTargetDependency */ = {
			isa = PBXTargetDependency;
			target = F64F8A6827C032B70081A345 /* Core */;
			targetProxy = F64F8A7427C032B70081A345 /* PBXContainerItemProxy */;
		};
		F64F8A7727C032B70081A345 /* PBXTargetDependency */ = {
			isa = PBXTargetDependency;
			target = F6071A002739984B00CE56BA /* TestGithubCI */;
			targetProxy = F64F8A7627C032B70081A345 /* PBXContainerItemProxy */;
		};
		F64F8A9827C56F840081A345 /* PBXTargetDependency */ = {
			isa = PBXTargetDependency;
			target = F64F8A6827C032B70081A345 /* Core */;
			targetProxy = F64F8A9727C56F840081A345 /* PBXContainerItemProxy */;
		};
		F6914F06282ED5D600D10EF0 /* PBXTargetDependency */ = {
			isa = PBXTargetDependency;
			platformFilter = ios;
			target = F64F8A6827C032B70081A345 /* Core */;
			targetProxy = F6914F05282ED5D600D10EF0 /* PBXContainerItemProxy */;
		};
		F6914F0A282ED5D600D10EF0 /* PBXTargetDependency */ = {
			isa = PBXTargetDependency;
			platformFilter = ios;
			target = F64F8A4527C0328F0081A345 /* MLFoundations */;
			targetProxy = F6914F09282ED5D600D10EF0 /* PBXContainerItemProxy */;
		};
/* End PBXTargetDependency section */

/* Begin PBXVariantGroup section */
		F6071A0F2739984E00CE56BA /* LaunchScreen.storyboard */ = {
			isa = PBXVariantGroup;
			children = (
				F6071A102739984E00CE56BA /* Base */,
			);
			name = LaunchScreen.storyboard;
			sourceTree = "<group>";
		};
/* End PBXVariantGroup section */

/* Begin XCBuildConfiguration section */
		2993093A27D147AA00732B48 /* Debug */ = {
			isa = XCBuildConfiguration;
			buildSettings = {
				CODE_SIGN_STYLE = Automatic;
				DEVELOPMENT_TEAM = 57Y47U492U;
				PRODUCT_NAME = "$(TARGET_NAME)";
			};
			name = Debug;
		};
		2993093B27D147AA00732B48 /* Release */ = {
			isa = XCBuildConfiguration;
			buildSettings = {
				CODE_SIGN_STYLE = Automatic;
				DEVELOPMENT_TEAM = 57Y47U492U;
				PRODUCT_NAME = "$(TARGET_NAME)";
			};
			name = Release;
		};
		F6071A292739984F00CE56BA /* Debug */ = {
			isa = XCBuildConfiguration;
			buildSettings = {
				ALWAYS_SEARCH_USER_PATHS = NO;
				CLANG_ANALYZER_NONNULL = YES;
				CLANG_ANALYZER_NUMBER_OBJECT_CONVERSION = YES_AGGRESSIVE;
				CLANG_CXX_LANGUAGE_STANDARD = "gnu++17";
				CLANG_CXX_LIBRARY = "libc++";
				CLANG_ENABLE_MODULES = YES;
				CLANG_ENABLE_OBJC_ARC = YES;
				CLANG_ENABLE_OBJC_WEAK = YES;
				CLANG_WARN_BLOCK_CAPTURE_AUTORELEASING = YES;
				CLANG_WARN_BOOL_CONVERSION = YES;
				CLANG_WARN_COMMA = YES;
				CLANG_WARN_CONSTANT_CONVERSION = YES;
				CLANG_WARN_DEPRECATED_OBJC_IMPLEMENTATIONS = YES;
				CLANG_WARN_DIRECT_OBJC_ISA_USAGE = YES_ERROR;
				CLANG_WARN_DOCUMENTATION_COMMENTS = YES;
				CLANG_WARN_EMPTY_BODY = YES;
				CLANG_WARN_ENUM_CONVERSION = YES;
				CLANG_WARN_INFINITE_RECURSION = YES;
				CLANG_WARN_INT_CONVERSION = YES;
				CLANG_WARN_NON_LITERAL_NULL_CONVERSION = YES;
				CLANG_WARN_OBJC_IMPLICIT_RETAIN_SELF = YES;
				CLANG_WARN_OBJC_LITERAL_CONVERSION = YES;
				CLANG_WARN_OBJC_ROOT_CLASS = YES_ERROR;
				CLANG_WARN_QUOTED_INCLUDE_IN_FRAMEWORK_HEADER = YES;
				CLANG_WARN_RANGE_LOOP_ANALYSIS = YES;
				CLANG_WARN_STRICT_PROTOTYPES = YES;
				CLANG_WARN_SUSPICIOUS_MOVE = YES;
				CLANG_WARN_UNGUARDED_AVAILABILITY = YES_AGGRESSIVE;
				CLANG_WARN_UNREACHABLE_CODE = YES;
				CLANG_WARN__DUPLICATE_METHOD_MATCH = YES;
				COPY_PHASE_STRIP = NO;
				DEBUG_INFORMATION_FORMAT = dwarf;
				ENABLE_STRICT_OBJC_MSGSEND = YES;
				ENABLE_TESTABILITY = YES;
				GCC_C_LANGUAGE_STANDARD = gnu11;
				GCC_DYNAMIC_NO_PIC = NO;
				GCC_NO_COMMON_BLOCKS = YES;
				GCC_OPTIMIZATION_LEVEL = 0;
				GCC_PREPROCESSOR_DEFINITIONS = (
					"DEBUG=1",
					"$(inherited)",
				);
				GCC_WARN_64_TO_32_BIT_CONVERSION = YES;
				GCC_WARN_ABOUT_RETURN_TYPE = YES_ERROR;
				GCC_WARN_UNDECLARED_SELECTOR = YES;
				GCC_WARN_UNINITIALIZED_AUTOS = YES_AGGRESSIVE;
				GCC_WARN_UNUSED_FUNCTION = YES;
				GCC_WARN_UNUSED_VARIABLE = YES;
				IPHONEOS_DEPLOYMENT_TARGET = 11.0;
				MTL_ENABLE_DEBUG_INFO = INCLUDE_SOURCE;
				MTL_FAST_MATH = YES;
				ONLY_ACTIVE_ARCH = YES;
				SDKROOT = iphoneos;
				SWIFT_ACTIVE_COMPILATION_CONDITIONS = DEBUG;
				SWIFT_OPTIMIZATION_LEVEL = "-Onone";
			};
			name = Debug;
		};
		F6071A2A2739984F00CE56BA /* Release */ = {
			isa = XCBuildConfiguration;
			buildSettings = {
				ALWAYS_SEARCH_USER_PATHS = NO;
				CLANG_ANALYZER_NONNULL = YES;
				CLANG_ANALYZER_NUMBER_OBJECT_CONVERSION = YES_AGGRESSIVE;
				CLANG_CXX_LANGUAGE_STANDARD = "gnu++17";
				CLANG_CXX_LIBRARY = "libc++";
				CLANG_ENABLE_MODULES = YES;
				CLANG_ENABLE_OBJC_ARC = YES;
				CLANG_ENABLE_OBJC_WEAK = YES;
				CLANG_WARN_BLOCK_CAPTURE_AUTORELEASING = YES;
				CLANG_WARN_BOOL_CONVERSION = YES;
				CLANG_WARN_COMMA = YES;
				CLANG_WARN_CONSTANT_CONVERSION = YES;
				CLANG_WARN_DEPRECATED_OBJC_IMPLEMENTATIONS = YES;
				CLANG_WARN_DIRECT_OBJC_ISA_USAGE = YES_ERROR;
				CLANG_WARN_DOCUMENTATION_COMMENTS = YES;
				CLANG_WARN_EMPTY_BODY = YES;
				CLANG_WARN_ENUM_CONVERSION = YES;
				CLANG_WARN_INFINITE_RECURSION = YES;
				CLANG_WARN_INT_CONVERSION = YES;
				CLANG_WARN_NON_LITERAL_NULL_CONVERSION = YES;
				CLANG_WARN_OBJC_IMPLICIT_RETAIN_SELF = YES;
				CLANG_WARN_OBJC_LITERAL_CONVERSION = YES;
				CLANG_WARN_OBJC_ROOT_CLASS = YES_ERROR;
				CLANG_WARN_QUOTED_INCLUDE_IN_FRAMEWORK_HEADER = YES;
				CLANG_WARN_RANGE_LOOP_ANALYSIS = YES;
				CLANG_WARN_STRICT_PROTOTYPES = YES;
				CLANG_WARN_SUSPICIOUS_MOVE = YES;
				CLANG_WARN_UNGUARDED_AVAILABILITY = YES_AGGRESSIVE;
				CLANG_WARN_UNREACHABLE_CODE = YES;
				CLANG_WARN__DUPLICATE_METHOD_MATCH = YES;
				COPY_PHASE_STRIP = NO;
				DEBUG_INFORMATION_FORMAT = "dwarf-with-dsym";
				ENABLE_NS_ASSERTIONS = NO;
				ENABLE_STRICT_OBJC_MSGSEND = YES;
				GCC_C_LANGUAGE_STANDARD = gnu11;
				GCC_NO_COMMON_BLOCKS = YES;
				GCC_WARN_64_TO_32_BIT_CONVERSION = YES;
				GCC_WARN_ABOUT_RETURN_TYPE = YES_ERROR;
				GCC_WARN_UNDECLARED_SELECTOR = YES;
				GCC_WARN_UNINITIALIZED_AUTOS = YES_AGGRESSIVE;
				GCC_WARN_UNUSED_FUNCTION = YES;
				GCC_WARN_UNUSED_VARIABLE = YES;
				IPHONEOS_DEPLOYMENT_TARGET = 11.0;
				MTL_ENABLE_DEBUG_INFO = NO;
				MTL_FAST_MATH = YES;
				SDKROOT = iphoneos;
				SWIFT_COMPILATION_MODE = wholemodule;
				SWIFT_OPTIMIZATION_LEVEL = "-O";
				VALIDATE_PRODUCT = YES;
			};
			name = Release;
		};
		F6071A2C2739984F00CE56BA /* Debug */ = {
			isa = XCBuildConfiguration;
			baseConfigurationReference = 2CD0E680DB4C269BDF7486D9 /* Pods-TestGithubCI.debug.xcconfig */;
			buildSettings = {
				ALWAYS_EMBED_SWIFT_STANDARD_LIBRARIES = YES;
				ASSETCATALOG_COMPILER_APPICON_NAME = AppIcon;
				ASSETCATALOG_COMPILER_GLOBAL_ACCENT_COLOR_NAME = AccentColor;
				CODE_SIGN_STYLE = Automatic;
				CURRENT_PROJECT_VERSION = 1;
				DEVELOPMENT_TEAM = "";
				FRAMEWORK_SEARCH_PATHS = "$(SRCROOT)";
				GENERATE_INFOPLIST_FILE = YES;
				INFOPLIST_FILE = TestGithubCI/Info.plist;
				INFOPLIST_KEY_UIApplicationSupportsIndirectInputEvents = YES;
				INFOPLIST_KEY_UILaunchStoryboardName = LaunchScreen;
				INFOPLIST_KEY_UIRequiredDeviceCapabilities = armv7;
				INFOPLIST_KEY_UISupportedInterfaceOrientations = "UIInterfaceOrientationPortrait UIInterfaceOrientationLandscapeLeft UIInterfaceOrientationLandscapeRight";
				INFOPLIST_KEY_UISupportedInterfaceOrientations_iPad = "UIInterfaceOrientationPortrait UIInterfaceOrientationPortraitUpsideDown UIInterfaceOrientationLandscapeLeft UIInterfaceOrientationLandscapeRight";
				INFOPLIST_KEY_UISupportedInterfaceOrientations_iPhone = "UIInterfaceOrientationPortrait UIInterfaceOrientationLandscapeLeft UIInterfaceOrientationLandscapeRight";
				IPHONEOS_DEPLOYMENT_TARGET = 11.0;
				LD_RUNPATH_SEARCH_PATHS = (
					"$(inherited)",
					"@executable_path/Frameworks",
				);
				MARKETING_VERSION = 1.0;
				PRODUCT_BUNDLE_IDENTIFIER = com.linkedin.TestGithubCI;
				PRODUCT_NAME = "$(TARGET_NAME)";
				SWIFT_EMIT_LOC_STRINGS = YES;
				SWIFT_VERSION = 5.0;
				TARGETED_DEVICE_FAMILY = "1,2";
			};
			name = Debug;
		};
		F6071A2D2739984F00CE56BA /* Release */ = {
			isa = XCBuildConfiguration;
			baseConfigurationReference = C7A65EAF663936323C7F5CD8 /* Pods-TestGithubCI.release.xcconfig */;
			buildSettings = {
				ALWAYS_EMBED_SWIFT_STANDARD_LIBRARIES = YES;
				ASSETCATALOG_COMPILER_APPICON_NAME = AppIcon;
				ASSETCATALOG_COMPILER_GLOBAL_ACCENT_COLOR_NAME = AccentColor;
				CODE_SIGN_STYLE = Automatic;
				CURRENT_PROJECT_VERSION = 1;
				DEVELOPMENT_TEAM = "";
				FRAMEWORK_SEARCH_PATHS = "$(SRCROOT)";
				GENERATE_INFOPLIST_FILE = YES;
				INFOPLIST_FILE = TestGithubCI/Info.plist;
				INFOPLIST_KEY_UIApplicationSupportsIndirectInputEvents = YES;
				INFOPLIST_KEY_UILaunchStoryboardName = LaunchScreen;
				INFOPLIST_KEY_UIRequiredDeviceCapabilities = armv7;
				INFOPLIST_KEY_UISupportedInterfaceOrientations = "UIInterfaceOrientationPortrait UIInterfaceOrientationLandscapeLeft UIInterfaceOrientationLandscapeRight";
				INFOPLIST_KEY_UISupportedInterfaceOrientations_iPad = "UIInterfaceOrientationPortrait UIInterfaceOrientationPortraitUpsideDown UIInterfaceOrientationLandscapeLeft UIInterfaceOrientationLandscapeRight";
				INFOPLIST_KEY_UISupportedInterfaceOrientations_iPhone = "UIInterfaceOrientationPortrait UIInterfaceOrientationLandscapeLeft UIInterfaceOrientationLandscapeRight";
				IPHONEOS_DEPLOYMENT_TARGET = 11.0;
				LD_RUNPATH_SEARCH_PATHS = (
					"$(inherited)",
					"@executable_path/Frameworks",
				);
				MARKETING_VERSION = 1.0;
				PRODUCT_BUNDLE_IDENTIFIER = com.linkedin.TestGithubCI;
				PRODUCT_NAME = "$(TARGET_NAME)";
				SWIFT_EMIT_LOC_STRINGS = YES;
				SWIFT_VERSION = 5.0;
				TARGETED_DEVICE_FAMILY = "1,2";
			};
			name = Release;
		};
		F6071A2F2739984F00CE56BA /* Debug */ = {
			isa = XCBuildConfiguration;
			buildSettings = {
				ALWAYS_EMBED_SWIFT_STANDARD_LIBRARIES = YES;
				BUNDLE_LOADER = "$(TEST_HOST)";
				CODE_SIGN_STYLE = Automatic;
				CURRENT_PROJECT_VERSION = 1;
				GENERATE_INFOPLIST_FILE = YES;
				IPHONEOS_DEPLOYMENT_TARGET = 11.0;
				LD_RUNPATH_SEARCH_PATHS = (
					"$(inherited)",
					"@executable_path/Frameworks",
					"@loader_path/Frameworks",
				);
				MARKETING_VERSION = 1.0;
				PRODUCT_BUNDLE_IDENTIFIER = com.linkedin.TestGithubCITests;
				PRODUCT_NAME = "$(TARGET_NAME)";
				SUPPORTS_MAC_DESIGNED_FOR_IPHONE_IPAD = NO;
				SWIFT_EMIT_LOC_STRINGS = NO;
				SWIFT_VERSION = 5.0;
				TARGETED_DEVICE_FAMILY = "1,2";
				TEST_HOST = "$(BUILT_PRODUCTS_DIR)/TestGithubCI.app/TestGithubCI";
			};
			name = Debug;
		};
		F6071A302739984F00CE56BA /* Release */ = {
			isa = XCBuildConfiguration;
			buildSettings = {
				ALWAYS_EMBED_SWIFT_STANDARD_LIBRARIES = YES;
				BUNDLE_LOADER = "$(TEST_HOST)";
				CODE_SIGN_STYLE = Automatic;
				CURRENT_PROJECT_VERSION = 1;
				GENERATE_INFOPLIST_FILE = YES;
				IPHONEOS_DEPLOYMENT_TARGET = 11.0;
				LD_RUNPATH_SEARCH_PATHS = (
					"$(inherited)",
					"@executable_path/Frameworks",
					"@loader_path/Frameworks",
				);
				MARKETING_VERSION = 1.0;
				PRODUCT_BUNDLE_IDENTIFIER = com.linkedin.TestGithubCITests;
				PRODUCT_NAME = "$(TARGET_NAME)";
				SUPPORTS_MAC_DESIGNED_FOR_IPHONE_IPAD = NO;
				SWIFT_EMIT_LOC_STRINGS = NO;
				SWIFT_VERSION = 5.0;
				TARGETED_DEVICE_FAMILY = "1,2";
				TEST_HOST = "$(BUILT_PRODUCTS_DIR)/TestGithubCI.app/TestGithubCI";
			};
			name = Release;
		};
		F63E1C6F2746F6BA0077B678 /* Debug */ = {
			isa = XCBuildConfiguration;
			baseConfigurationReference = 5821BDCC93F18452FADE6B9A /* Pods-TestXCFramework.debug.xcconfig */;
			buildSettings = {
				BUILD_LIBRARY_FOR_DISTRIBUTION = YES;
				CODE_SIGN_STYLE = Manual;
				CURRENT_PROJECT_VERSION = 1;
				DEFINES_MODULE = YES;
				DEVELOPMENT_TEAM = "";
				DYLIB_COMPATIBILITY_VERSION = 1;
				DYLIB_CURRENT_VERSION = 1;
				DYLIB_INSTALL_NAME_BASE = "@rpath";
				GENERATE_INFOPLIST_FILE = YES;
				INFOPLIST_KEY_NSHumanReadableCopyright = "";
				INSTALL_PATH = "$(LOCAL_LIBRARY_DIR)/Frameworks";
				IPHONEOS_DEPLOYMENT_TARGET = 11.0;
				LD_RUNPATH_SEARCH_PATHS = (
					"$(inherited)",
					"@executable_path/Frameworks",
					"@loader_path/Frameworks",
				);
				MARKETING_VERSION = 1.0;
				PODS_PODFILE_DIR_PATH = "${SRCROOT}";
				PODS_ROOT = "${SRCROOT}/Pods";
				PRODUCT_BUNDLE_IDENTIFIER = com.linkedin.TestXCFramework;
				PRODUCT_NAME = "$(TARGET_NAME:c99extidentifier)";
				PROVISIONING_PROFILE_SPECIFIER = "";
				SKIP_INSTALL = YES;
				SUPPORTS_MACCATALYST = NO;
				SWIFT_EMIT_LOC_STRINGS = YES;
				SWIFT_VERSION = 5.0;
				TARGETED_DEVICE_FAMILY = "1,2";
				VERSIONING_SYSTEM = "apple-generic";
				VERSION_INFO_PREFIX = "";
			};
			name = Debug;
		};
		F63E1C702746F6BA0077B678 /* Release */ = {
			isa = XCBuildConfiguration;
			baseConfigurationReference = 90D1C6D529F8DEFA2E1E0007 /* Pods-TestXCFramework.release.xcconfig */;
			buildSettings = {
				BUILD_LIBRARY_FOR_DISTRIBUTION = YES;
				CODE_SIGN_STYLE = Manual;
				CURRENT_PROJECT_VERSION = 1;
				DEFINES_MODULE = YES;
				DEVELOPMENT_TEAM = "";
				DYLIB_COMPATIBILITY_VERSION = 1;
				DYLIB_CURRENT_VERSION = 1;
				DYLIB_INSTALL_NAME_BASE = "@rpath";
				GENERATE_INFOPLIST_FILE = YES;
				INFOPLIST_KEY_NSHumanReadableCopyright = "";
				INSTALL_PATH = "$(LOCAL_LIBRARY_DIR)/Frameworks";
				IPHONEOS_DEPLOYMENT_TARGET = 11.0;
				LD_RUNPATH_SEARCH_PATHS = (
					"$(inherited)",
					"@executable_path/Frameworks",
					"@loader_path/Frameworks",
				);
				MARKETING_VERSION = 1.0;
				PODS_PODFILE_DIR_PATH = "${SRCROOT}";
				PODS_ROOT = "${SRCROOT}/Pods";
				PRODUCT_BUNDLE_IDENTIFIER = com.linkedin.TestXCFramework;
				PRODUCT_NAME = "$(TARGET_NAME:c99extidentifier)";
				PROVISIONING_PROFILE_SPECIFIER = "";
				SKIP_INSTALL = YES;
				SUPPORTS_MACCATALYST = NO;
				SWIFT_EMIT_LOC_STRINGS = YES;
				SWIFT_VERSION = 5.0;
				TARGETED_DEVICE_FAMILY = "1,2";
				VERSIONING_SYSTEM = "apple-generic";
				VERSION_INFO_PREFIX = "";
			};
			name = Release;
		};
		F63E1C712746F6BA0077B678 /* Debug */ = {
			isa = XCBuildConfiguration;
			buildSettings = {
				ALWAYS_EMBED_SWIFT_STANDARD_LIBRARIES = YES;
				CODE_SIGN_STYLE = Automatic;
				CURRENT_PROJECT_VERSION = 1;
				DEVELOPMENT_TEAM = 5ZKJW2ZKDU;
				GENERATE_INFOPLIST_FILE = YES;
				IPHONEOS_DEPLOYMENT_TARGET = 15.0;
				LD_RUNPATH_SEARCH_PATHS = (
					"$(inherited)",
					"@executable_path/Frameworks",
					"@loader_path/Frameworks",
				);
				MARKETING_VERSION = 1.0;
				PRODUCT_BUNDLE_IDENTIFIER = com.linkedin.TestXCFrameworkTests;
				PRODUCT_NAME = "$(TARGET_NAME)";
				SWIFT_EMIT_LOC_STRINGS = NO;
				SWIFT_VERSION = 5.0;
				TARGETED_DEVICE_FAMILY = "1,2";
				TEST_HOST = "$(BUILT_PRODUCTS_DIR)/TestGithubCI.app/TestGithubCI";
			};
			name = Debug;
		};
		F63E1C722746F6BA0077B678 /* Release */ = {
			isa = XCBuildConfiguration;
			buildSettings = {
				ALWAYS_EMBED_SWIFT_STANDARD_LIBRARIES = YES;
				CODE_SIGN_STYLE = Automatic;
				CURRENT_PROJECT_VERSION = 1;
				DEVELOPMENT_TEAM = 5ZKJW2ZKDU;
				GENERATE_INFOPLIST_FILE = YES;
				IPHONEOS_DEPLOYMENT_TARGET = 15.0;
				LD_RUNPATH_SEARCH_PATHS = (
					"$(inherited)",
					"@executable_path/Frameworks",
					"@loader_path/Frameworks",
				);
				MARKETING_VERSION = 1.0;
				PRODUCT_BUNDLE_IDENTIFIER = com.linkedin.TestXCFrameworkTests;
				PRODUCT_NAME = "$(TARGET_NAME)";
				SWIFT_EMIT_LOC_STRINGS = NO;
				SWIFT_VERSION = 5.0;
				TARGETED_DEVICE_FAMILY = "1,2";
				TEST_HOST = "$(BUILT_PRODUCTS_DIR)/TestGithubCI.app/TestGithubCI";
			};
			name = Release;
		};
		F64F8A5E27C032900081A345 /* Debug */ = {
			isa = XCBuildConfiguration;
			baseConfigurationReference = 7700C653AD3D88AF3B360C51 /* Pods-MLFoundations.debug.xcconfig */;
			buildSettings = {
				ALWAYS_EMBED_SWIFT_STANDARD_LIBRARIES = "$(inherited)";
				BUILD_LIBRARY_FOR_DISTRIBUTION = YES;
				CODE_SIGN_STYLE = Automatic;
				CURRENT_PROJECT_VERSION = 1;
				DEFINES_MODULE = YES;
				DEVELOPMENT_TEAM = "";
				DYLIB_COMPATIBILITY_VERSION = 1;
				DYLIB_CURRENT_VERSION = 1;
				DYLIB_INSTALL_NAME_BASE = "@rpath";
				GENERATE_INFOPLIST_FILE = YES;
				INFOPLIST_KEY_NSHumanReadableCopyright = "";
				INSTALL_PATH = "$(LOCAL_LIBRARY_DIR)/Frameworks";
				IPHONEOS_DEPLOYMENT_TARGET = 15.2;
				LD_RUNPATH_SEARCH_PATHS = (
					"$(inherited)",
					"@executable_path/Frameworks",
					"@loader_path/Frameworks",
				);
				MACH_O_TYPE = staticlib;
				MARKETING_VERSION = 1.0;
				PRODUCT_BUNDLE_IDENTIFIER = com.linkedin.MLFoundations;
				PRODUCT_NAME = "$(TARGET_NAME:c99extidentifier)";
				SKIP_INSTALL = YES;
				SUPPORTS_MACCATALYST = NO;
				SWIFT_EMIT_LOC_STRINGS = YES;
				SWIFT_VERSION = 5.0;
				TARGETED_DEVICE_FAMILY = "1,2";
				VERSIONING_SYSTEM = "apple-generic";
				VERSION_INFO_PREFIX = "";
			};
			name = Debug;
		};
		F64F8A5F27C032900081A345 /* Release */ = {
			isa = XCBuildConfiguration;
			baseConfigurationReference = BE2045E3704FE6FEE7829A1A /* Pods-MLFoundations.release.xcconfig */;
			buildSettings = {
				ALWAYS_EMBED_SWIFT_STANDARD_LIBRARIES = "$(inherited)";
				BUILD_LIBRARY_FOR_DISTRIBUTION = YES;
				CODE_SIGN_STYLE = Automatic;
				CURRENT_PROJECT_VERSION = 1;
				DEFINES_MODULE = YES;
				DEVELOPMENT_TEAM = "";
				DYLIB_COMPATIBILITY_VERSION = 1;
				DYLIB_CURRENT_VERSION = 1;
				DYLIB_INSTALL_NAME_BASE = "@rpath";
				GENERATE_INFOPLIST_FILE = YES;
				INFOPLIST_KEY_NSHumanReadableCopyright = "";
				INSTALL_PATH = "$(LOCAL_LIBRARY_DIR)/Frameworks";
				IPHONEOS_DEPLOYMENT_TARGET = 15.2;
				LD_RUNPATH_SEARCH_PATHS = (
					"$(inherited)",
					"@executable_path/Frameworks",
					"@loader_path/Frameworks",
				);
				MACH_O_TYPE = staticlib;
				MARKETING_VERSION = 1.0;
				PRODUCT_BUNDLE_IDENTIFIER = com.linkedin.MLFoundations;
				PRODUCT_NAME = "$(TARGET_NAME:c99extidentifier)";
				SKIP_INSTALL = YES;
				SUPPORTS_MACCATALYST = NO;
				SWIFT_EMIT_LOC_STRINGS = YES;
				SWIFT_VERSION = 5.0;
				TARGETED_DEVICE_FAMILY = "1,2";
				VERSIONING_SYSTEM = "apple-generic";
				VERSION_INFO_PREFIX = "";
			};
			name = Release;
		};
		F64F8A6227C032900081A345 /* Debug */ = {
			isa = XCBuildConfiguration;
			baseConfigurationReference = 488FF33DB9BA950C569DBAD3 /* Pods-MLFoundationsTests.debug.xcconfig */;
			buildSettings = {
				ALWAYS_EMBED_SWIFT_STANDARD_LIBRARIES = YES;
				CODE_SIGN_STYLE = Automatic;
				CURRENT_PROJECT_VERSION = 1;
				GENERATE_INFOPLIST_FILE = YES;
				IPHONEOS_DEPLOYMENT_TARGET = 15.2;
				MARKETING_VERSION = 1.0;
				PRODUCT_BUNDLE_IDENTIFIER = com.linkedin.MLFoundationsTests;
				PRODUCT_NAME = "$(TARGET_NAME)";
				SWIFT_EMIT_LOC_STRINGS = NO;
				SWIFT_VERSION = 5.0;
				TARGETED_DEVICE_FAMILY = "1,2";
				TEST_HOST = "$(BUILT_PRODUCTS_DIR)/TestGithubCI.app/TestGithubCI";
			};
			name = Debug;
		};
		F64F8A6327C032900081A345 /* Release */ = {
			isa = XCBuildConfiguration;
			baseConfigurationReference = D5D28CE3A0F729CD4F0F9998 /* Pods-MLFoundationsTests.release.xcconfig */;
			buildSettings = {
				ALWAYS_EMBED_SWIFT_STANDARD_LIBRARIES = YES;
				CODE_SIGN_STYLE = Automatic;
				CURRENT_PROJECT_VERSION = 1;
				GENERATE_INFOPLIST_FILE = YES;
				IPHONEOS_DEPLOYMENT_TARGET = 15.2;
				MARKETING_VERSION = 1.0;
				PRODUCT_BUNDLE_IDENTIFIER = com.linkedin.MLFoundationsTests;
				PRODUCT_NAME = "$(TARGET_NAME)";
				SWIFT_EMIT_LOC_STRINGS = NO;
				SWIFT_VERSION = 5.0;
				TARGETED_DEVICE_FAMILY = "1,2";
				TEST_HOST = "$(BUILT_PRODUCTS_DIR)/TestGithubCI.app/TestGithubCI";
			};
			name = Release;
		};
		F64F8A8127C032B70081A345 /* Debug */ = {
			isa = XCBuildConfiguration;
			baseConfigurationReference = 29FBD924BC2933F327C43883 /* Pods-Core.debug.xcconfig */;
			buildSettings = {
				ALWAYS_EMBED_SWIFT_STANDARD_LIBRARIES = "$(inherited)";
				BUILD_LIBRARY_FOR_DISTRIBUTION = YES;
				CODE_SIGN_STYLE = Automatic;
				CURRENT_PROJECT_VERSION = 1;
				DEFINES_MODULE = YES;
				DEVELOPMENT_TEAM = "";
				DYLIB_COMPATIBILITY_VERSION = 1;
				DYLIB_CURRENT_VERSION = 1;
				DYLIB_INSTALL_NAME_BASE = "@rpath";
				GENERATE_INFOPLIST_FILE = YES;
				INFOPLIST_KEY_NSHumanReadableCopyright = "";
				INSTALL_PATH = "$(LOCAL_LIBRARY_DIR)/Frameworks";
				IPHONEOS_DEPLOYMENT_TARGET = 15.2;
				LD_RUNPATH_SEARCH_PATHS = (
					"$(inherited)",
					"@executable_path/Frameworks",
					"@loader_path/Frameworks",
				);
				MACH_O_TYPE = staticlib;
				MARKETING_VERSION = 1.0;
				PRODUCT_BUNDLE_IDENTIFIER = com.linkedin.Core;
				PRODUCT_NAME = "$(TARGET_NAME:c99extidentifier)";
				SKIP_INSTALL = YES;
				SUPPORTS_MACCATALYST = NO;
				SWIFT_EMIT_LOC_STRINGS = YES;
				SWIFT_VERSION = 5.0;
				TARGETED_DEVICE_FAMILY = "1,2";
				VERSIONING_SYSTEM = "apple-generic";
				VERSION_INFO_PREFIX = "";
			};
			name = Debug;
		};
		F64F8A8227C032B70081A345 /* Release */ = {
			isa = XCBuildConfiguration;
			baseConfigurationReference = 86B36C4B0362A4BE3D7EBC48 /* Pods-Core.release.xcconfig */;
			buildSettings = {
				ALWAYS_EMBED_SWIFT_STANDARD_LIBRARIES = "$(inherited)";
				BUILD_LIBRARY_FOR_DISTRIBUTION = YES;
				CODE_SIGN_STYLE = Automatic;
				CURRENT_PROJECT_VERSION = 1;
				DEFINES_MODULE = YES;
				DEVELOPMENT_TEAM = "";
				DYLIB_COMPATIBILITY_VERSION = 1;
				DYLIB_CURRENT_VERSION = 1;
				DYLIB_INSTALL_NAME_BASE = "@rpath";
				GENERATE_INFOPLIST_FILE = YES;
				INFOPLIST_KEY_NSHumanReadableCopyright = "";
				INSTALL_PATH = "$(LOCAL_LIBRARY_DIR)/Frameworks";
				IPHONEOS_DEPLOYMENT_TARGET = 15.2;
				LD_RUNPATH_SEARCH_PATHS = (
					"$(inherited)",
					"@executable_path/Frameworks",
					"@loader_path/Frameworks",
				);
				MACH_O_TYPE = staticlib;
				MARKETING_VERSION = 1.0;
				PRODUCT_BUNDLE_IDENTIFIER = com.linkedin.Core;
				PRODUCT_NAME = "$(TARGET_NAME:c99extidentifier)";
				SKIP_INSTALL = YES;
				SUPPORTS_MACCATALYST = NO;
				SWIFT_EMIT_LOC_STRINGS = YES;
				SWIFT_VERSION = 5.0;
				TARGETED_DEVICE_FAMILY = "1,2";
				VERSIONING_SYSTEM = "apple-generic";
				VERSION_INFO_PREFIX = "";
			};
			name = Release;
		};
		F64F8A8427C032B70081A345 /* Debug */ = {
			isa = XCBuildConfiguration;
			baseConfigurationReference = 6191FF01DC4685253F748663 /* Pods-CoreTests.debug.xcconfig */;
			buildSettings = {
				ALWAYS_EMBED_SWIFT_STANDARD_LIBRARIES = YES;
				CODE_SIGN_STYLE = Automatic;
				CURRENT_PROJECT_VERSION = 1;
				GENERATE_INFOPLIST_FILE = YES;
				IPHONEOS_DEPLOYMENT_TARGET = 15.2;
				MARKETING_VERSION = 1.0;
				PRODUCT_BUNDLE_IDENTIFIER = com.linkedin.CoreTests;
				PRODUCT_NAME = "$(TARGET_NAME)";
				SWIFT_EMIT_LOC_STRINGS = NO;
				SWIFT_VERSION = 5.0;
				TARGETED_DEVICE_FAMILY = "1,2";
				TEST_HOST = "$(BUILT_PRODUCTS_DIR)/TestGithubCI.app/TestGithubCI";
			};
			name = Debug;
		};
		F64F8A8527C032B70081A345 /* Release */ = {
			isa = XCBuildConfiguration;
			baseConfigurationReference = DCFF5E5F0D996DA79C581641 /* Pods-CoreTests.release.xcconfig */;
			buildSettings = {
				ALWAYS_EMBED_SWIFT_STANDARD_LIBRARIES = YES;
				CODE_SIGN_STYLE = Automatic;
				CURRENT_PROJECT_VERSION = 1;
				GENERATE_INFOPLIST_FILE = YES;
				IPHONEOS_DEPLOYMENT_TARGET = 15.2;
				MARKETING_VERSION = 1.0;
				PRODUCT_BUNDLE_IDENTIFIER = com.linkedin.CoreTests;
				PRODUCT_NAME = "$(TARGET_NAME)";
				SWIFT_EMIT_LOC_STRINGS = NO;
				SWIFT_VERSION = 5.0;
				TARGETED_DEVICE_FAMILY = "1,2";
				TEST_HOST = "$(BUILT_PRODUCTS_DIR)/TestGithubCI.app/TestGithubCI";
			};
			name = Release;
		};
/* End XCBuildConfiguration section */

/* Begin XCConfigurationList section */
		2993093C27D147AB00732B48 /* Build configuration list for PBXAggregateTarget "LANInternal" */ = {
			isa = XCConfigurationList;
			buildConfigurations = (
				2993093A27D147AA00732B48 /* Debug */,
				2993093B27D147AA00732B48 /* Release */,
			);
			defaultConfigurationIsVisible = 0;
			defaultConfigurationName = Release;
		};
		F60719FC2739984B00CE56BA /* Build configuration list for PBXProject "TestGithubCI" */ = {
			isa = XCConfigurationList;
			buildConfigurations = (
				F6071A292739984F00CE56BA /* Debug */,
				F6071A2A2739984F00CE56BA /* Release */,
			);
			defaultConfigurationIsVisible = 0;
			defaultConfigurationName = Release;
		};
		F6071A2B2739984F00CE56BA /* Build configuration list for PBXNativeTarget "TestGithubCI" */ = {
			isa = XCConfigurationList;
			buildConfigurations = (
				F6071A2C2739984F00CE56BA /* Debug */,
				F6071A2D2739984F00CE56BA /* Release */,
			);
			defaultConfigurationIsVisible = 0;
			defaultConfigurationName = Release;
		};
		F6071A2E2739984F00CE56BA /* Build configuration list for PBXNativeTarget "TestGithubCITests" */ = {
			isa = XCConfigurationList;
			buildConfigurations = (
				F6071A2F2739984F00CE56BA /* Debug */,
				F6071A302739984F00CE56BA /* Release */,
			);
			defaultConfigurationIsVisible = 0;
			defaultConfigurationName = Release;
		};
		F63E1C732746F6BA0077B678 /* Build configuration list for PBXNativeTarget "TestXCFramework" */ = {
			isa = XCConfigurationList;
			buildConfigurations = (
				F63E1C6F2746F6BA0077B678 /* Debug */,
				F63E1C702746F6BA0077B678 /* Release */,
			);
			defaultConfigurationIsVisible = 0;
			defaultConfigurationName = Release;
		};
		F63E1C742746F6BA0077B678 /* Build configuration list for PBXNativeTarget "TestXCFrameworkTests" */ = {
			isa = XCConfigurationList;
			buildConfigurations = (
				F63E1C712746F6BA0077B678 /* Debug */,
				F63E1C722746F6BA0077B678 /* Release */,
			);
			defaultConfigurationIsVisible = 0;
			defaultConfigurationName = Release;
		};
		F64F8A5D27C032900081A345 /* Build configuration list for PBXNativeTarget "MLFoundations" */ = {
			isa = XCConfigurationList;
			buildConfigurations = (
				F64F8A5E27C032900081A345 /* Debug */,
				F64F8A5F27C032900081A345 /* Release */,
			);
			defaultConfigurationIsVisible = 0;
			defaultConfigurationName = Release;
		};
		F64F8A6127C032900081A345 /* Build configuration list for PBXNativeTarget "MLFoundationsTests" */ = {
			isa = XCConfigurationList;
			buildConfigurations = (
				F64F8A6227C032900081A345 /* Debug */,
				F64F8A6327C032900081A345 /* Release */,
			);
			defaultConfigurationIsVisible = 0;
			defaultConfigurationName = Release;
		};
		F64F8A8027C032B70081A345 /* Build configuration list for PBXNativeTarget "Core" */ = {
			isa = XCConfigurationList;
			buildConfigurations = (
				F64F8A8127C032B70081A345 /* Debug */,
				F64F8A8227C032B70081A345 /* Release */,
			);
			defaultConfigurationIsVisible = 0;
			defaultConfigurationName = Release;
		};
		F64F8A8327C032B70081A345 /* Build configuration list for PBXNativeTarget "CoreTests" */ = {
			isa = XCConfigurationList;
			buildConfigurations = (
				F64F8A8427C032B70081A345 /* Debug */,
				F64F8A8527C032B70081A345 /* Release */,
			);
			defaultConfigurationIsVisible = 0;
			defaultConfigurationName = Release;
		};
/* End XCConfigurationList section */
	};
	rootObject = F60719F92739984B00CE56BA /* Project object */;
}
